{
  "name": "user-management",
  "lockfileVersion": 3,
  "requires": true,
  "packages": {
    "": {
      "dependencies": {
        "@jurisjs/juris": "^0.88.2-test1"
      }
    },
    "node_modules/@jurisjs/juris": {
      "version": "0.88.2-test1",
      "resolved": "https://registry.npmjs.org/@jurisjs/juris/-/juris-0.88.2-test1.tgz",
      "integrity": "sha512-E3WqLfZMgwV07z5Mw3Mlz8Up13/iLh0zTFhJKDPtoFd7dOScadW8LlawbDGutMDcG+H1x/+Z2cwoWrEIViYvGg==",
      "license": "MIT",
      "engines": {
        "node": ">=14.0.0"
      }
    }
  }
}
